
Microsoft Visual Studio Solution File, Format Version 12.00
# Visual Studio 15
VisualStudioVersion = 15.0.27130.2010
MinimumVisualStudioVersion = 10.0.40219.1
Project("{FAE04EC0-301F-11D3-BF4B-00C04F79EFBC}") = "ThinkGearFlappyBird", "ThinkGearFlappyBird\ThinkGearFlappyBird.csproj", "{EDFA3A67-D43F-47C3-99E5-145ADFB599E9}"
EndProject
Global
	GlobalSection(SolutionConfigurationPlatforms) = preSolution
		Debug|Any CPU = Debug|Any CPU
		Debug|x64 = Debug|x64
		Debug|x86 = Debug|x86
		Release|Any CPU = Release|Any CPU
		Release|x64 = Release|x64
		Release|x86 = Release|x86
	EndGlobalSection
	GlobalSection(ProjectConfigurationPlatforms) = postSolution
		{EDFA3A67-D43F-47C3-99E5-145ADFB599E9}.Debug|Any CPU.ActiveCfg = Debug|Any CPU
		{EDFA3A67-D43F-47C3-99E5-145ADFB599E9}.Debug|Any CPU.Build.0 = Debug|Any CPU
		{EDFA3A67-D43F-47C3-99E5-145ADFB599E9}.Debug|x64.ActiveCfg = Debug|x64
		{EDFA3A67-D43F-47C3-99E5-145ADFB599E9}.Debug|x64.Build.0 = Debug|x64
		{EDFA3A67-D43F-47C3-99E5-145ADFB599E9}.Debug|x86.ActiveCfg = Debug|x86
		{EDFA3A67-D43F-47C3-99E5-145ADFB599E9}.Debug|x86.Build.0 = Debug|x86
		{EDFA3A67-D43F-47C3-99E5-145ADFB599E9}.Release|Any CPU.ActiveCfg = Release|Any CPU
		{EDFA3A67-D43F-47C3-99E5-145ADFB599E9}.Release|Any CPU.Build.0 = Release|Any CPU
		{EDFA3A67-D43F-47C3-99E5-145ADFB599E9}.Release|x64.ActiveCfg = Release|x64
		{EDFA3A67-D43F-47C3-99E5-145ADFB599E9}.Release|x64.Build.0 = Release|x64
		{EDFA3A67-D43F-47C3-99E5-145ADFB599E9}.Release|x86.ActiveCfg = Release|x86
		{EDFA3A67-D43F-47C3-99E5-145ADFB599E9}.Release|x86.Build.0 = Release|x86
	EndGlobalSection
	GlobalSection(SolutionProperties) = preSolution
		HideSolutionNode = FALSE
	EndGlobalSection
	GlobalSection(ExtensibilityGlobals) = postSolution
		SolutionGuid = {DEABFD8D-B02D-4E30-8DA6-F5B76B18B436}
	EndGlobalSection
EndGlobal
